
Microsoft Visual Studio Solution File, Format Version 12.00
# Visual Studio Version 16
VisualStudioVersion = 16.0.31702.278
MinimumVisualStudioVersion = 10.0.40219.1
Project("{FAE04EC0-301F-11D3-BF4B-00C04F79EFBC}") = "EventWPF", "EventWPF\EventWPF.csproj", "{B8E4AD1D-1029-41BB-9A9B-D1FCA5329570}"
EndProject
Global
	GlobalSection(SolutionConfigurationPlatforms) = preSolution
		Debug|Any CPU = Debug|Any CPU
		Release|Any CPU = Release|Any CPU
	EndGlobalSection
	GlobalSection(ProjectConfigurationPlatforms) = postSolution
		{B8E4AD1D-1029-41BB-9A9B-D1FCA5329570}.Debug|Any CPU.ActiveCfg = Debug|Any CPU
		{B8E4AD1D-1029-41BB-9A9B-D1FCA5329570}.Debug|Any CPU.Build.0 = Debug|Any CPU
		{B8E4AD1D-1029-41BB-9A9B-D1FCA5329570}.Release|Any CPU.ActiveCfg = Release|Any CPU
		{B8E4AD1D-1029-41BB-9A9B-D1FCA5329570}.Release|Any CPU.Build.0 = Release|Any CPU
	EndGlobalSection
	GlobalSection(SolutionProperties) = preSolution
		HideSolutionNode = FALSE
	EndGlobalSection
	GlobalSection(ExtensibilityGlobals) = postSolution
		SolutionGuid = {2FC4D4B5-A97A-4295-87A1-0A153044D760}
	EndGlobalSection
EndGlobal
