
Microsoft Visual Studio Solution File, Format Version 12.00
# Visual Studio Version 16
VisualStudioVersion = 16.0.31702.278
MinimumVisualStudioVersion = 10.0.40219.1
Project("{FAE04EC0-301F-11D3-BF4B-00C04F79EFBC}") = "ReceiveMessageWPF", "ReceiveMessageWPF\ReceiveMessageWPF.csproj", "{DBE0A4A4-8CBD-419C-8D44-4151CB380180}"
EndProject
Global
	GlobalSection(SolutionConfigurationPlatforms) = preSolution
		Debug|Any CPU = Debug|Any CPU
		Release|Any CPU = Release|Any CPU
	EndGlobalSection
	GlobalSection(ProjectConfigurationPlatforms) = postSolution
		{DBE0A4A4-8CBD-419C-8D44-4151CB380180}.Debug|Any CPU.ActiveCfg = Debug|Any CPU
		{DBE0A4A4-8CBD-419C-8D44-4151CB380180}.Debug|Any CPU.Build.0 = Debug|Any CPU
		{DBE0A4A4-8CBD-419C-8D44-4151CB380180}.Release|Any CPU.ActiveCfg = Release|Any CPU
		{DBE0A4A4-8CBD-419C-8D44-4151CB380180}.Release|Any CPU.Build.0 = Release|Any CPU
	EndGlobalSection
	GlobalSection(SolutionProperties) = preSolution
		HideSolutionNode = FALSE
	EndGlobalSection
	GlobalSection(ExtensibilityGlobals) = postSolution
		SolutionGuid = {60D8A9FD-3E0B-4B78-BD05-88E31F48ECAA}
	EndGlobalSection
EndGlobal
