
Microsoft Visual Studio Solution File, Format Version 12.00
# Visual Studio Version 16
VisualStudioVersion = 16.0.31702.278
MinimumVisualStudioVersion = 10.0.40219.1
Project("{FAE04EC0-301F-11D3-BF4B-00C04F79EFBC}") = "ReceiveMessageWFM", "ReceiveMessageWFM\ReceiveMessageWFM.csproj", "{8EE1B2BB-90A9-400D-81B1-FEB527A7F2CA}"
EndProject
Global
	GlobalSection(SolutionConfigurationPlatforms) = preSolution
		Debug|Any CPU = Debug|Any CPU
		Release|Any CPU = Release|Any CPU
	EndGlobalSection
	GlobalSection(ProjectConfigurationPlatforms) = postSolution
		{8EE1B2BB-90A9-400D-81B1-FEB527A7F2CA}.Debug|Any CPU.ActiveCfg = Debug|Any CPU
		{8EE1B2BB-90A9-400D-81B1-FEB527A7F2CA}.Debug|Any CPU.Build.0 = Debug|Any CPU
		{8EE1B2BB-90A9-400D-81B1-FEB527A7F2CA}.Release|Any CPU.ActiveCfg = Release|Any CPU
		{8EE1B2BB-90A9-400D-81B1-FEB527A7F2CA}.Release|Any CPU.Build.0 = Release|Any CPU
	EndGlobalSection
	GlobalSection(SolutionProperties) = preSolution
		HideSolutionNode = FALSE
	EndGlobalSection
	GlobalSection(ExtensibilityGlobals) = postSolution
		SolutionGuid = {A4344E9F-0B84-4A97-B116-5A2265A9D37C}
	EndGlobalSection
EndGlobal
